PODS:
  - Nimble (5.1.1)
  - Quick (0.10.0)
  - SSCalendar (0.0.1)

DEPENDENCIES:
  - Nimble
  - Quick
  - SSCalendar (from `../`)

EXTERNAL SOURCES:
  SSCalendar:
    :path: "../"

SPEC CHECKSUMS:
  Nimble: 415e3aa3267e7bc2c96b05fa814ddea7bb686a29
  Quick: 5d290df1c69d5ee2f0729956dcf0fd9a30447eaa
  SSCalendar: 67c9091f1163d5cbf848c907cc80792311d3530d

PODFILE CHECKSUM: 31418656a85b322b48909cd0d06cdc0885bed97f

COCOAPODS: 1.1.1
